
Microsoft Visual Studio Solution File, Format Version 12.00
# Visual Studio Version 17
VisualStudioVersion = 17.10.35122.118
MinimumVisualStudioVersion = 10.0.40219.1
Project("{FAE04EC0-301F-11D3-BF4B-00C04F79EFBC}") = "Guessing gmae(randon num)", "Guessing gmae(randon num)\Guessing gmae(randon num).csproj", "{2050F150-6301-4F56-819F-AA9C92454138}"
EndProject
Global
	GlobalSection(SolutionConfigurationPlatforms) = preSolution
		Debug|Any CPU = Debug|Any CPU
		Release|Any CPU = Release|Any CPU
	EndGlobalSection
	GlobalSection(ProjectConfigurationPlatforms) = postSolution
		{2050F150-6301-4F56-819F-AA9C92454138}.Debug|Any CPU.ActiveCfg = Debug|Any CPU
		{2050F150-6301-4F56-819F-AA9C92454138}.Debug|Any CPU.Build.0 = Debug|Any CPU
		{2050F150-6301-4F56-819F-AA9C92454138}.Release|Any CPU.ActiveCfg = Release|Any CPU
		{2050F150-6301-4F56-819F-AA9C92454138}.Release|Any CPU.Build.0 = Release|Any CPU
	EndGlobalSection
	GlobalSection(SolutionProperties) = preSolution
		HideSolutionNode = FALSE
	EndGlobalSection
	GlobalSection(ExtensibilityGlobals) = postSolution
		SolutionGuid = {D0158A99-3123-42AF-9C6E-22A33CC3775F}
	EndGlobalSection
EndGlobal
